
Microsoft Visual Studio Solution File, Format Version 12.00
# Visual Studio Version 17
VisualStudioVersion = 17.10.34928.147
MinimumVisualStudioVersion = 10.0.40219.1
Project("{9A19103F-16F7-4668-BE54-9A1E7A4F7556}") = "CallAnalysisHelper", "CallAnalysisHelper\CallAnalysisHelper.csproj", "{1DCAC951-505D-4147-9D17-22F5748BD9A7}"
EndProject
Project("{9A19103F-16F7-4668-BE54-9A1E7A4F7556}") = "CallAnalysisService", "CallAnalysisService\CallAnalysisService.csproj", "{807DD7A9-175A-4A0C-933A-1B42080B3498}"
EndProject
Global
	GlobalSection(SolutionConfigurationPlatforms) = preSolution
		Debug|Any CPU = Debug|Any CPU
		Release|Any CPU = Release|Any CPU
	EndGlobalSection
	GlobalSection(ProjectConfigurationPlatforms) = postSolution
		{1DCAC951-505D-4147-9D17-22F5748BD9A7}.Debug|Any CPU.ActiveCfg = Debug|Any CPU
		{1DCAC951-505D-4147-9D17-22F5748BD9A7}.Debug|Any CPU.Build.0 = Debug|Any CPU
		{1DCAC951-505D-4147-9D17-22F5748BD9A7}.Release|Any CPU.ActiveCfg = Release|Any CPU
		{1DCAC951-505D-4147-9D17-22F5748BD9A7}.Release|Any CPU.Build.0 = Release|Any CPU
		{807DD7A9-175A-4A0C-933A-1B42080B3498}.Debug|Any CPU.ActiveCfg = Debug|Any CPU
		{807DD7A9-175A-4A0C-933A-1B42080B3498}.Debug|Any CPU.Build.0 = Debug|Any CPU
		{807DD7A9-175A-4A0C-933A-1B42080B3498}.Release|Any CPU.ActiveCfg = Release|Any CPU
		{807DD7A9-175A-4A0C-933A-1B42080B3498}.Release|Any CPU.Build.0 = Release|Any CPU
	EndGlobalSection
	GlobalSection(SolutionProperties) = preSolution
		HideSolutionNode = FALSE
	EndGlobalSection
	GlobalSection(ExtensibilityGlobals) = postSolution
		SolutionGuid = {65254563-22B7-48CA-B53D-FB46DAA11DAB}
	EndGlobalSection
EndGlobal
